
Microsoft Visual Studio Solution File, Format Version 12.00
# Visual Studio Version 16
VisualStudioVersion = 16.0.32002.261
MinimumVisualStudioVersion = 10.0.40219.1
Project("{FAE04EC0-301F-11D3-BF4B-00C04F79EFBC}") = "MentorTemplate", "MentorTemplate\MentorTemplate.csproj", "{217B64C5-7D0B-4865-8638-DCE20C235F85}"
EndProject
Global
	GlobalSection(SolutionConfigurationPlatforms) = preSolution
		Debug|Any CPU = Debug|Any CPU
		Release|Any CPU = Release|Any CPU
	EndGlobalSection
	GlobalSection(ProjectConfigurationPlatforms) = postSolution
		{217B64C5-7D0B-4865-8638-DCE20C235F85}.Debug|Any CPU.ActiveCfg = Debug|Any CPU
		{217B64C5-7D0B-4865-8638-DCE20C235F85}.Debug|Any CPU.Build.0 = Debug|Any CPU
		{217B64C5-7D0B-4865-8638-DCE20C235F85}.Release|Any CPU.ActiveCfg = Release|Any CPU
		{217B64C5-7D0B-4865-8638-DCE20C235F85}.Release|Any CPU.Build.0 = Release|Any CPU
	EndGlobalSection
	GlobalSection(SolutionProperties) = preSolution
		HideSolutionNode = FALSE
	EndGlobalSection
	GlobalSection(ExtensibilityGlobals) = postSolution
		SolutionGuid = {15BB3F3A-0E64-428C-A8CC-E98F50D86705}
	EndGlobalSection
EndGlobal
